// !$*UTF8*$!
{
	archiveVersion = 1;
	classes = {
	};
	objectVersion = 56;
	objects = {

/* Begin PBXBuildFile section */
		F307121F29B72C9400E32ED8 /* TCA_Project1App.swift in Sources */ = {isa = PBXBuildFile; fileRef = F307121E29B72C9400E32ED8 /* TCA_Project1App.swift */; };
		F307122129B72C9400E32ED8 /* ContentView.swift in Sources */ = {isa = PBXBuildFile; fileRef = F307122029B72C9400E32ED8 /* ContentView.swift */; };
		F307122329B72C9500E32ED8 /* Assets.xcassets in Resources */ = {isa = PBXBuildFile; fileRef = F307122229B72C9500E32ED8 /* Assets.xcassets */; };
		F307122729B72C9500E32ED8 /* Preview Assets.xcassets in Resources */ = {isa = PBXBuildFile; fileRef = F307122629B72C9500E32ED8 /* Preview Assets.xcassets */; };
		F307123129B75E2800E32ED8 /* AppState.swift in Sources */ = {isa = PBXBuildFile; fileRef = F307123029B75E2800E32ED8 /* AppState.swift */; };
		F30AD76729E974CD00F4D667 /* WolframAlphaResult.swift in Sources */ = {isa = PBXBuildFile; fileRef = F30AD76629E974CD00F4D667 /* WolframAlphaResult.swift */; };
		F30AD76A29E97CAD00F4D667 /* PrimeSheetView.swift in Sources */ = {isa = PBXBuildFile; fileRef = F30AD76929E97CAD00F4D667 /* PrimeSheetView.swift */; };
		F30AD76D29E97DA600F4D667 /* FavoritePrimesView.swift in Sources */ = {isa = PBXBuildFile; fileRef = F30AD76C29E97DA600F4D667 /* FavoritePrimesView.swift */; };
		F3D673F429E96ED900E03DE5 /* CounterView.swift in Sources */ = {isa = PBXBuildFile; fileRef = F307122E29B731F100E32ED8 /* CounterView.swift */; };
/* End PBXBuildFile section */

/* Begin PBXFileReference section */
		F307121B29B72C9400E32ED8 /* TCA-Project1.app */ = {isa = PBXFileReference; explicitFileType = wrapper.application; includeInIndex = 0; path = "TCA-Project1.app"; sourceTree = BUILT_PRODUCTS_DIR; };
		F307121E29B72C9400E32ED8 /* TCA_Project1App.swift */ = {isa = PBXFileReference; lastKnownFileType = sourcecode.swift; path = TCA_Project1App.swift; sourceTree = "<group>"; };
		F307122029B72C9400E32ED8 /* ContentView.swift */ = {isa = PBXFileReference; lastKnownFileType = sourcecode.swift; path = ContentView.swift; sourceTree = "<group>"; };
		F307122229B72C9500E32ED8 /* Assets.xcassets */ = {isa = PBXFileReference; lastKnownFileType = folder.assetcatalog; path = Assets.xcassets; sourceTree = "<group>"; };
		F307122429B72C9500E32ED8 /* TCA_Project1.entitlements */ = {isa = PBXFileReference; lastKnownFileType = text.plist.entitlements; path = TCA_Project1.entitlements; sourceTree = "<group>"; };
		F307122629B72C9500E32ED8 /* Preview Assets.xcassets */ = {isa = PBXFileReference; lastKnownFileType = folder.assetcatalog; path = "Preview Assets.xcassets"; sourceTree = "<group>"; };
		F307122E29B731F100E32ED8 /* CounterView.swift */ = {isa = PBXFileReference; lastKnownFileType = sourcecode.swift; path = CounterView.swift; sourceTree = "<group>"; };
		F307123029B75E2800E32ED8 /* AppState.swift */ = {isa = PBXFileReference; lastKnownFileType = sourcecode.swift; path = AppState.swift; sourceTree = "<group>"; };
		F30AD76629E974CD00F4D667 /* WolframAlphaResult.swift */ = {isa = PBXFileReference; lastKnownFileType = sourcecode.swift; path = WolframAlphaResult.swift; sourceTree = "<group>"; };
		F30AD76929E97CAD00F4D667 /* PrimeSheetView.swift */ = {isa = PBXFileReference; lastKnownFileType = sourcecode.swift; path = PrimeSheetView.swift; sourceTree = "<group>"; };
		F30AD76C29E97DA600F4D667 /* FavoritePrimesView.swift */ = {isa = PBXFileReference; lastKnownFileType = sourcecode.swift; path = FavoritePrimesView.swift; sourceTree = "<group>"; };
/* End PBXFileReference section */

/* Begin PBXFrameworksBuildPhase section */
		F307121829B72C9400E32ED8 /* Frameworks */ = {
			isa = PBXFrameworksBuildPhase;
			buildActionMask = 2147483647;
			files = (
			);
			runOnlyForDeploymentPostprocessing = 0;
		};
/* End PBXFrameworksBuildPhase section */

/* Begin PBXGroup section */
		F307121229B72C9400E32ED8 = {
			isa = PBXGroup;
			children = (
				F307121D29B72C9400E32ED8 /* TCA-Project1 */,
				F307121C29B72C9400E32ED8 /* Products */,
			);
			sourceTree = "<group>";
		};
		F307121C29B72C9400E32ED8 /* Products */ = {
			isa = PBXGroup;
			children = (
				F307121B29B72C9400E32ED8 /* TCA-Project1.app */,
			);
			name = Products;
			sourceTree = "<group>";
		};
		F307121D29B72C9400E32ED8 /* TCA-Project1 */ = {
			isa = PBXGroup;
			children = (
				F30AD76529E974BB00F4D667 /* Wolfram */,
				F307121E29B72C9400E32ED8 /* TCA_Project1App.swift */,
				F307122D29B731D100E32ED8 /* PrimeNumber */,
				F307122229B72C9500E32ED8 /* Assets.xcassets */,
				F307122429B72C9500E32ED8 /* TCA_Project1.entitlements */,
				F307122529B72C9500E32ED8 /* Preview Content */,
			);
			path = "TCA-Project1";
			sourceTree = "<group>";
		};
		F307122529B72C9500E32ED8 /* Preview Content */ = {
			isa = PBXGroup;
			children = (
				F307122629B72C9500E32ED8 /* Preview Assets.xcassets */,
			);
			path = "Preview Content";
			sourceTree = "<group>";
		};
		F307122D29B731D100E32ED8 /* PrimeNumber */ = {
			isa = PBXGroup;
			children = (
				F307122029B72C9400E32ED8 /* ContentView.swift */,
				F30AD76B29E97D7C00F4D667 /* Favorites */,
				F30AD76829E97C8A00F4D667 /* Counter */,
				F307123029B75E2800E32ED8 /* AppState.swift */,
			);
			path = PrimeNumber;
			sourceTree = "<group>";
		};
		F30AD76529E974BB00F4D667 /* Wolfram */ = {
			isa = PBXGroup;
			children = (
				F30AD76629E974CD00F4D667 /* WolframAlphaResult.swift */,
			);
			path = Wolfram;
			sourceTree = "<group>";
		};
		F30AD76829E97C8A00F4D667 /* Counter */ = {
			isa = PBXGroup;
			children = (
				F307122E29B731F100E32ED8 /* CounterView.swift */,
				F30AD76929E97CAD00F4D667 /* PrimeSheetView.swift */,
			);
			path = Counter;
			sourceTree = "<group>";
		};
		F30AD76B29E97D7C00F4D667 /* Favorites */ = {
			isa = PBXGroup;
			children = (
				F30AD76C29E97DA600F4D667 /* FavoritePrimesView.swift */,
			);
			path = Favorites;
			sourceTree = "<group>";
		};
/* End PBXGroup section */

/* Begin PBXNativeTarget section */
		F307121A29B72C9400E32ED8 /* TCA-Project1 */ = {
			isa = PBXNativeTarget;
			buildConfigurationList = F307122A29B72C9500E32ED8 /* Build configuration list for PBXNativeTarget "TCA-Project1" */;
			buildPhases = (
				F307121729B72C9400E32ED8 /* Sources */,
				F307121829B72C9400E32ED8 /* Frameworks */,
				F307121929B72C9400E32ED8 /* Resources */,
			);
			buildRules = (
			);
			dependencies = (
			);
			name = "TCA-Project1";
			productName = "TCA-Project1";
			productReference = F307121B29B72C9400E32ED8 /* TCA-Project1.app */;
			productType = "com.apple.product-type.application";
		};
/* End PBXNativeTarget section */

/* Begin PBXProject section */
		F307121329B72C9400E32ED8 /* Project object */ = {
			isa = PBXProject;
			attributes = {
				BuildIndependentTargetsInParallel = 1;
				LastSwiftUpdateCheck = 1420;
				LastUpgradeCheck = 1420;
				TargetAttributes = {
					F307121A29B72C9400E32ED8 = {
						CreatedOnToolsVersion = 14.2;
					};
				};
			};
			buildConfigurationList = F307121629B72C9400E32ED8 /* Build configuration list for PBXProject "TCA-Project1" */;
			compatibilityVersion = "Xcode 14.0";
			developmentRegion = en;
			hasScannedForEncodings = 0;
			knownRegions = (
				en,
				Base,
			);
			mainGroup = F307121229B72C9400E32ED8;
			productRefGroup = F307121C29B72C9400E32ED8 /* Products */;
			projectDirPath = "";
			projectRoot = "";
			targets = (
				F307121A29B72C9400E32ED8 /* TCA-Project1 */,
			);
		};
/* End PBXProject section */

/* Begin PBXResourcesBuildPhase section */
		F307121929B72C9400E32ED8 /* Resources */ = {
			isa = PBXResourcesBuildPhase;
			buildActionMask = 2147483647;
			files = (
				F307122729B72C9500E32ED8 /* Preview Assets.xcassets in Resources */,
				F307122329B72C9500E32ED8 /* Assets.xcassets in Resources */,
			);
			runOnlyForDeploymentPostprocessing = 0;
		};
/* End PBXResourcesBuildPhase section */

/* Begin PBXSourcesBuildPhase section */
		F307121729B72C9400E32ED8 /* Sources */ = {
			isa = PBXSourcesBuildPhase;
			buildActionMask = 2147483647;
			files = (
				F30AD76A29E97CAD00F4D667 /* PrimeSheetView.swift in Sources */,
				F30AD76D29E97DA600F4D667 /* FavoritePrimesView.swift in Sources */,
				F307122129B72C9400E32ED8 /* ContentView.swift in Sources */,
				F307121F29B72C9400E32ED8 /* TCA_Project1App.swift in Sources */,
				F30AD76729E974CD00F4D667 /* WolframAlphaResult.swift in Sources */,
				F307123129B75E2800E32ED8 /* AppState.swift in Sources */,
				F3D673F429E96ED900E03DE5 /* CounterView.swift in Sources */,
			);
			runOnlyForDeploymentPostprocessing = 0;
		};
/* End PBXSourcesBuildPhase section */

/* Begin XCBuildConfiguration section */
		F307122829B72C9500E32ED8 /* Debug */ = {
			isa = XCBuildConfiguration;
			buildSettings = {
				ALWAYS_SEARCH_USER_PATHS = NO;
				CLANG_ANALYZER_NONNULL = YES;
				CLANG_ANALYZER_NUMBER_OBJECT_CONVERSION = YES_AGGRESSIVE;
				CLANG_CXX_LANGUAGE_STANDARD = "gnu++20";
				CLANG_ENABLE_MODULES = YES;
				CLANG_ENABLE_OBJC_ARC = YES;
				CLANG_ENABLE_OBJC_WEAK = YES;
				CLANG_WARN_BLOCK_CAPTURE_AUTORELEASING = YES;
				CLANG_WARN_BOOL_CONVERSION = YES;
				CLANG_WARN_COMMA = YES;
				CLANG_WARN_CONSTANT_CONVERSION = YES;
				CLANG_WARN_DEPRECATED_OBJC_IMPLEMENTATIONS = YES;
				CLANG_WARN_DIRECT_OBJC_ISA_USAGE = YES_ERROR;
				CLANG_WARN_DOCUMENTATION_COMMENTS = YES;
				CLANG_WARN_EMPTY_BODY = YES;
				CLANG_WARN_ENUM_CONVERSION = YES;
				CLANG_WARN_INFINITE_RECURSION = YES;
				CLANG_WARN_INT_CONVERSION = YES;
				CLANG_WARN_NON_LITERAL_NULL_CONVERSION = YES;
				CLANG_WARN_OBJC_IMPLICIT_RETAIN_SELF = YES;
				CLANG_WARN_OBJC_LITERAL_CONVERSION = YES;
				CLANG_WARN_OBJC_ROOT_CLASS = YES_ERROR;
				CLANG_WARN_QUOTED_INCLUDE_IN_FRAMEWORK_HEADER = YES;
				CLANG_WARN_RANGE_LOOP_ANALYSIS = YES;
				CLANG_WARN_STRICT_PROTOTYPES = YES;
				CLANG_WARN_SUSPICIOUS_MOVE = YES;
				CLANG_WARN_UNGUARDED_AVAILABILITY = YES_AGGRESSIVE;
				CLANG_WARN_UNREACHABLE_CODE = YES;
				CLANG_WARN__DUPLICATE_METHOD_MATCH = YES;
				COPY_PHASE_STRIP = NO;
				DEBUG_INFORMATION_FORMAT = dwarf;
				ENABLE_STRICT_OBJC_MSGSEND = YES;
				ENABLE_TESTABILITY = YES;
				GCC_C_LANGUAGE_STANDARD = gnu11;
				GCC_DYNAMIC_NO_PIC = NO;
				GCC_NO_COMMON_BLOCKS = YES;
				GCC_OPTIMIZATION_LEVEL = 0;
				GCC_PREPROCESSOR_DEFINITIONS = (
					"DEBUG=1",
					"$(inherited)",
				);
				GCC_WARN_64_TO_32_BIT_CONVERSION = YES;
				GCC_WARN_ABOUT_RETURN_TYPE = YES_ERROR;
				GCC_WARN_UNDECLARED_SELECTOR = YES;
				GCC_WARN_UNINITIALIZED_AUTOS = YES_AGGRESSIVE;
				GCC_WARN_UNUSED_FUNCTION = YES;
				GCC_WARN_UNUSED_VARIABLE = YES;
				MTL_ENABLE_DEBUG_INFO = INCLUDE_SOURCE;
				MTL_FAST_MATH = YES;
				ONLY_ACTIVE_ARCH = YES;
				SWIFT_ACTIVE_COMPILATION_CONDITIONS = DEBUG;
				SWIFT_OPTIMIZATION_LEVEL = "-Onone";
			};
			name = Debug;
		};
		F307122929B72C9500E32ED8 /* Release */ = {
			isa = XCBuildConfiguration;
			buildSettings = {
				ALWAYS_SEARCH_USER_PATHS = NO;
				CLANG_ANALYZER_NONNULL = YES;
				CLANG_ANALYZER_NUMBER_OBJECT_CONVERSION = YES_AGGRESSIVE;
				CLANG_CXX_LANGUAGE_STANDARD = "gnu++20";
				CLANG_ENABLE_MODULES = YES;
				CLANG_ENABLE_OBJC_ARC = YES;
				CLANG_ENABLE_OBJC_WEAK = YES;
				CLANG_WARN_BLOCK_CAPTURE_AUTORELEASING = YES;
				CLANG_WARN_BOOL_CONVERSION = YES;
				CLANG_WARN_COMMA = YES;
				CLANG_WARN_CONSTANT_CONVERSION = YES;
				CLANG_WARN_DEPRECATED_OBJC_IMPLEMENTATIONS = YES;
				CLANG_WARN_DIRECT_OBJC_ISA_USAGE = YES_ERROR;
				CLANG_WARN_DOCUMENTATION_COMMENTS = YES;
				CLANG_WARN_EMPTY_BODY = YES;
				CLANG_WARN_ENUM_CONVERSION = YES;
				CLANG_WARN_INFINITE_RECURSION = YES;
				CLANG_WARN_INT_CONVERSION = YES;
				CLANG_WARN_NON_LITERAL_NULL_CONVERSION = YES;
				CLANG_WARN_OBJC_IMPLICIT_RETAIN_SELF = YES;
				CLANG_WARN_OBJC_LITERAL_CONVERSION = YES;
				CLANG_WARN_OBJC_ROOT_CLASS = YES_ERROR;
				CLANG_WARN_QUOTED_INCLUDE_IN_FRAMEWORK_HEADER = YES;
				CLANG_WARN_RANGE_LOOP_ANALYSIS = YES;
				CLANG_WARN_STRICT_PROTOTYPES = YES;
				CLANG_WARN_SUSPICIOUS_MOVE = YES;
				CLANG_WARN_UNGUARDED_AVAILABILITY = YES_AGGRESSIVE;
				CLANG_WARN_UNREACHABLE_CODE = YES;
				CLANG_WARN__DUPLICATE_METHOD_MATCH = YES;
				COPY_PHASE_STRIP = NO;
				DEBUG_INFORMATION_FORMAT = "dwarf-with-dsym";
				ENABLE_NS_ASSERTIONS = NO;
				ENABLE_STRICT_OBJC_MSGSEND = YES;
				GCC_C_LANGUAGE_STANDARD = gnu11;
				GCC_NO_COMMON_BLOCKS = YES;
				GCC_WARN_64_TO_32_BIT_CONVERSION = YES;
				GCC_WARN_ABOUT_RETURN_TYPE = YES_ERROR;
				GCC_WARN_UNDECLARED_SELECTOR = YES;
				GCC_WARN_UNINITIALIZED_AUTOS = YES_AGGRESSIVE;
				GCC_WARN_UNUSED_FUNCTION = YES;
				GCC_WARN_UNUSED_VARIABLE = YES;
				MTL_ENABLE_DEBUG_INFO = NO;
				MTL_FAST_MATH = YES;
				SWIFT_COMPILATION_MODE = wholemodule;
				SWIFT_OPTIMIZATION_LEVEL = "-O";
			};
			name = Release;
		};
		F307122B29B72C9500E32ED8 /* Debug */ = {
			isa = XCBuildConfiguration;
			buildSettings = {
				ASSETCATALOG_COMPILER_APPICON_NAME = AppIcon;
				ASSETCATALOG_COMPILER_GLOBAL_ACCENT_COLOR_NAME = AccentColor;
				CODE_SIGN_ENTITLEMENTS = "TCA-Project1/TCA_Project1.entitlements";
				CODE_SIGN_STYLE = Automatic;
				CURRENT_PROJECT_VERSION = 1;
				DEVELOPMENT_ASSET_PATHS = "\"TCA-Project1/Preview Content\"";
				DEVELOPMENT_TEAM = DB6LLLFD8T;
				ENABLE_HARDENED_RUNTIME = YES;
				ENABLE_PREVIEWS = YES;
				EXCLUDED_ARCHS = "";
				GENERATE_INFOPLIST_FILE = YES;
				"INFOPLIST_KEY_UIApplicationSceneManifest_Generation[sdk=iphoneos*]" = YES;
				"INFOPLIST_KEY_UIApplicationSceneManifest_Generation[sdk=iphonesimulator*]" = YES;
				"INFOPLIST_KEY_UIApplicationSupportsIndirectInputEvents[sdk=iphoneos*]" = YES;
				"INFOPLIST_KEY_UIApplicationSupportsIndirectInputEvents[sdk=iphonesimulator*]" = YES;
				"INFOPLIST_KEY_UILaunchScreen_Generation[sdk=iphoneos*]" = YES;
				"INFOPLIST_KEY_UILaunchScreen_Generation[sdk=iphonesimulator*]" = YES;
				"INFOPLIST_KEY_UIStatusBarStyle[sdk=iphoneos*]" = UIStatusBarStyleDefault;
				"INFOPLIST_KEY_UIStatusBarStyle[sdk=iphonesimulator*]" = UIStatusBarStyleDefault;
				INFOPLIST_KEY_UISupportedInterfaceOrientations_iPad = "UIInterfaceOrientationPortrait UIInterfaceOrientationPortraitUpsideDown UIInterfaceOrientationLandscapeLeft UIInterfaceOrientationLandscapeRight";
				INFOPLIST_KEY_UISupportedInterfaceOrientations_iPhone = "UIInterfaceOrientationPortrait UIInterfaceOrientationLandscapeLeft UIInterfaceOrientationLandscapeRight";
				IPHONEOS_DEPLOYMENT_TARGET = 16.2;
				LD_RUNPATH_SEARCH_PATHS = "@executable_path/Frameworks";
				"LD_RUNPATH_SEARCH_PATHS[sdk=macosx*]" = "@executable_path/../Frameworks";
				MACOSX_DEPLOYMENT_TARGET = 13.0;
				MARKETING_VERSION = 1.0;
				PRODUCT_BUNDLE_IDENTIFIER = "com.paarce.TCA-Project1";
				PRODUCT_NAME = "$(TARGET_NAME)";
				SDKROOT = auto;
				SUPPORTED_PLATFORMS = "iphoneos iphonesimulator";
				SUPPORTS_MACCATALYST = NO;
				SUPPORTS_MAC_DESIGNED_FOR_IPHONE_IPAD = NO;
				SWIFT_EMIT_LOC_STRINGS = YES;
				SWIFT_VERSION = 5.0;
				TARGETED_DEVICE_FAMILY = "1,2";
			};
			name = Debug;
		};
		F307122C29B72C9500E32ED8 /* Release */ = {
			isa = XCBuildConfiguration;
			buildSettings = {
				ASSETCATALOG_COMPILER_APPICON_NAME = AppIcon;
				ASSETCATALOG_COMPILER_GLOBAL_ACCENT_COLOR_NAME = AccentColor;
				CODE_SIGN_ENTITLEMENTS = "TCA-Project1/TCA_Project1.entitlements";
				CODE_SIGN_STYLE = Automatic;
				CURRENT_PROJECT_VERSION = 1;
				DEVELOPMENT_ASSET_PATHS = "\"TCA-Project1/Preview Content\"";
				DEVELOPMENT_TEAM = DB6LLLFD8T;
				ENABLE_HARDENED_RUNTIME = YES;
				ENABLE_PREVIEWS = YES;
				EXCLUDED_ARCHS = "";
				GENERATE_INFOPLIST_FILE = YES;
				"INFOPLIST_KEY_UIApplicationSceneManifest_Generation[sdk=iphoneos*]" = YES;
				"INFOPLIST_KEY_UIApplicationSceneManifest_Generation[sdk=iphonesimulator*]" = YES;
				"INFOPLIST_KEY_UIApplicationSupportsIndirectInputEvents[sdk=iphoneos*]" = YES;
				"INFOPLIST_KEY_UIApplicationSupportsIndirectInputEvents[sdk=iphonesimulator*]" = YES;
				"INFOPLIST_KEY_UILaunchScreen_Generation[sdk=iphoneos*]" = YES;
				"INFOPLIST_KEY_UILaunchScreen_Generation[sdk=iphonesimulator*]" = YES;
				"INFOPLIST_KEY_UIStatusBarStyle[sdk=iphoneos*]" = UIStatusBarStyleDefault;
				"INFOPLIST_KEY_UIStatusBarStyle[sdk=iphonesimulator*]" = UIStatusBarStyleDefault;
				INFOPLIST_KEY_UISupportedInterfaceOrientations_iPad = "UIInterfaceOrientationPortrait UIInterfaceOrientationPortraitUpsideDown UIInterfaceOrientationLandscapeLeft UIInterfaceOrientationLandscapeRight";
				INFOPLIST_KEY_UISupportedInterfaceOrientations_iPhone = "UIInterfaceOrientationPortrait UIInterfaceOrientationLandscapeLeft UIInterfaceOrientationLandscapeRight";
				IPHONEOS_DEPLOYMENT_TARGET = 16.2;
				LD_RUNPATH_SEARCH_PATHS = "@executable_path/Frameworks";
				"LD_RUNPATH_SEARCH_PATHS[sdk=macosx*]" = "@executable_path/../Frameworks";
				MACOSX_DEPLOYMENT_TARGET = 13.0;
				MARKETING_VERSION = 1.0;
				PRODUCT_BUNDLE_IDENTIFIER = "com.paarce.TCA-Project1";
				PRODUCT_NAME = "$(TARGET_NAME)";
				SDKROOT = auto;
				SUPPORTED_PLATFORMS = "iphoneos iphonesimulator";
				SUPPORTS_MACCATALYST = NO;
				SUPPORTS_MAC_DESIGNED_FOR_IPHONE_IPAD = NO;
				SWIFT_EMIT_LOC_STRINGS = YES;
				SWIFT_VERSION = 5.0;
				TARGETED_DEVICE_FAMILY = "1,2";
			};
			name = Release;
		};
/* End XCBuildConfiguration section */

/* Begin XCConfigurationList section */
		F307121629B72C9400E32ED8 /* Build configuration list for PBXProject "TCA-Project1" */ = {
			isa = XCConfigurationList;
			buildConfigurations = (
				F307122829B72C9500E32ED8 /* Debug */,
				F307122929B72C9500E32ED8 /* Release */,
			);
			defaultConfigurationIsVisible = 0;
			defaultConfigurationName = Release;
		};
		F307122A29B72C9500E32ED8 /* Build configuration list for PBXNativeTarget "TCA-Project1" */ = {
			isa = XCConfigurationList;
			buildConfigurations = (
				F307122B29B72C9500E32ED8 /* Debug */,
				F307122C29B72C9500E32ED8 /* Release */,
			);
			defaultConfigurationIsVisible = 0;
			defaultConfigurationName = Release;
		};
/* End XCConfigurationList section */
	};
	rootObject = F307121329B72C9400E32ED8 /* Project object */;
}
